
Microsoft Visual Studio Solution File, Format Version 12.00
# Visual Studio Version 16
VisualStudioVersion = 16.0.30717.126
MinimumVisualStudioVersion = 10.0.40219.1
Project("{8BC9CEB8-8B4A-11D0-8D11-00A0C91BC942}") = "Michaels2", "Michaels2\Michaels2.vcxproj", "{3CA9C77D-B1C0-4D3A-B898-EFA19BFED8B6}"
EndProject
Global
	GlobalSection(SolutionConfigurationPlatforms) = preSolution
		Debug|x64 = Debug|x64
		Debug|x86 = Debug|x86
		Release|x64 = Release|x64
		Release|x86 = Release|x86
	EndGlobalSection
	GlobalSection(ProjectConfigurationPlatforms) = postSolution
		{3CA9C77D-B1C0-4D3A-B898-EFA19BFED8B6}.Debug|x64.ActiveCfg = Debug|x64
		{3CA9C77D-B1C0-4D3A-B898-EFA19BFED8B6}.Debug|x64.Build.0 = Debug|x64
		{3CA9C77D-B1C0-4D3A-B898-EFA19BFED8B6}.Debug|x86.ActiveCfg = Debug|Win32
		{3CA9C77D-B1C0-4D3A-B898-EFA19BFED8B6}.Debug|x86.Build.0 = Debug|Win32
		{3CA9C77D-B1C0-4D3A-B898-EFA19BFED8B6}.Release|x64.ActiveCfg = Release|x64
		{3CA9C77D-B1C0-4D3A-B898-EFA19BFED8B6}.Release|x64.Build.0 = Release|x64
		{3CA9C77D-B1C0-4D3A-B898-EFA19BFED8B6}.Release|x86.ActiveCfg = Release|Win32
		{3CA9C77D-B1C0-4D3A-B898-EFA19BFED8B6}.Release|x86.Build.0 = Release|Win32
	EndGlobalSection
	GlobalSection(SolutionProperties) = preSolution
		HideSolutionNode = FALSE
	EndGlobalSection
	GlobalSection(ExtensibilityGlobals) = postSolution
		SolutionGuid = {7C906624-A3F5-454D-A949-51D297128F6D}
	EndGlobalSection
EndGlobal
